
Microsoft Visual Studio Solution File, Format Version 12.00
# Visual Studio 2013
VisualStudioVersion = 12.0.40629.0
MinimumVisualStudioVersion = 10.0.40219.1
Project("{FAE04EC0-301F-11D3-BF4B-00C04F79EFBC}") = "Task1.Logic", "Task1.Logic\Task1.Logic.csproj", "{2398A7B7-9825-4263-B8FA-1C37748F7665}"
EndProject
Project("{FAE04EC0-301F-11D3-BF4B-00C04F79EFBC}") = "Task2.Logic", "Task2.Logic\Task2.Logic.csproj", "{7E7423C3-B580-4604-91E9-2535DA5148C5}"
EndProject
Project("{2150E333-8FDC-42A3-9474-1A3956D46DE8}") = ".nuget", ".nuget", "{3CB07F64-F67F-47F7-A295-F955750FEBA8}"
	ProjectSection(SolutionItems) = preProject
		.nuget\packages.config = .nuget\packages.config
	EndProjectSection
EndProject
Project("{FAE04EC0-301F-11D3-BF4B-00C04F79EFBC}") = "Task1.Logic.Tests", "Task1.Logic.Tests\Task1.Logic.Tests.csproj", "{5BD57D24-0B1F-440B-984F-7322A03397C5}"
EndProject
Project("{FAE04EC0-301F-11D3-BF4B-00C04F79EFBC}") = "Task2.Logic.Tests", "Task2.Logic.Tests\Task2.Logic.Tests.csproj", "{6CDAAE36-0F13-4C9B-ADFB-DFE975355C09}"
EndProject
Global
	GlobalSection(SolutionConfigurationPlatforms) = preSolution
		Debug|Any CPU = Debug|Any CPU
		Release|Any CPU = Release|Any CPU
	EndGlobalSection
	GlobalSection(ProjectConfigurationPlatforms) = postSolution
		{2398A7B7-9825-4263-B8FA-1C37748F7665}.Debug|Any CPU.ActiveCfg = Debug|Any CPU
		{2398A7B7-9825-4263-B8FA-1C37748F7665}.Debug|Any CPU.Build.0 = Debug|Any CPU
		{2398A7B7-9825-4263-B8FA-1C37748F7665}.Release|Any CPU.ActiveCfg = Release|Any CPU
		{2398A7B7-9825-4263-B8FA-1C37748F7665}.Release|Any CPU.Build.0 = Release|Any CPU
		{7E7423C3-B580-4604-91E9-2535DA5148C5}.Debug|Any CPU.ActiveCfg = Debug|Any CPU
		{7E7423C3-B580-4604-91E9-2535DA5148C5}.Debug|Any CPU.Build.0 = Debug|Any CPU
		{7E7423C3-B580-4604-91E9-2535DA5148C5}.Release|Any CPU.ActiveCfg = Release|Any CPU
		{7E7423C3-B580-4604-91E9-2535DA5148C5}.Release|Any CPU.Build.0 = Release|Any CPU
		{5BD57D24-0B1F-440B-984F-7322A03397C5}.Debug|Any CPU.ActiveCfg = Debug|Any CPU
		{5BD57D24-0B1F-440B-984F-7322A03397C5}.Debug|Any CPU.Build.0 = Debug|Any CPU
		{5BD57D24-0B1F-440B-984F-7322A03397C5}.Release|Any CPU.ActiveCfg = Release|Any CPU
		{5BD57D24-0B1F-440B-984F-7322A03397C5}.Release|Any CPU.Build.0 = Release|Any CPU
		{6CDAAE36-0F13-4C9B-ADFB-DFE975355C09}.Debug|Any CPU.ActiveCfg = Debug|Any CPU
		{6CDAAE36-0F13-4C9B-ADFB-DFE975355C09}.Debug|Any CPU.Build.0 = Debug|Any CPU
		{6CDAAE36-0F13-4C9B-ADFB-DFE975355C09}.Release|Any CPU.ActiveCfg = Release|Any CPU
		{6CDAAE36-0F13-4C9B-ADFB-DFE975355C09}.Release|Any CPU.Build.0 = Release|Any CPU
	EndGlobalSection
	GlobalSection(SolutionProperties) = preSolution
		HideSolutionNode = FALSE
	EndGlobalSection
EndGlobal
